
Microsoft Visual Studio Solution File, Format Version 12.00
# Visual Studio Version 17
VisualStudioVersion = 17.7.34031.279
MinimumVisualStudioVersion = 10.0.40219.1
Project("{FAE04EC0-301F-11D3-BF4B-00C04F79EFBC}") = "jvyx1q_lokalis", "jvyx1q_lokalis\jvyx1q_lokalis.csproj", "{72483E35-5EF3-4239-AA51-677C23FD362F}"
EndProject
Global
	GlobalSection(SolutionConfigurationPlatforms) = preSolution
		Debug|Any CPU = Debug|Any CPU
		Release|Any CPU = Release|Any CPU
	EndGlobalSection
	GlobalSection(ProjectConfigurationPlatforms) = postSolution
		{72483E35-5EF3-4239-AA51-677C23FD362F}.Debug|Any CPU.ActiveCfg = Debug|Any CPU
		{72483E35-5EF3-4239-AA51-677C23FD362F}.Debug|Any CPU.Build.0 = Debug|Any CPU
		{72483E35-5EF3-4239-AA51-677C23FD362F}.Release|Any CPU.ActiveCfg = Release|Any CPU
		{72483E35-5EF3-4239-AA51-677C23FD362F}.Release|Any CPU.Build.0 = Release|Any CPU
	EndGlobalSection
	GlobalSection(SolutionProperties) = preSolution
		HideSolutionNode = FALSE
	EndGlobalSection
	GlobalSection(ExtensibilityGlobals) = postSolution
		SolutionGuid = {10E1B647-455B-4C0A-AD44-601FEAB434A3}
	EndGlobalSection
EndGlobal
